<Solution>
  <Folder Name="/src/" />
  <Folder Name="/src/Core/">
    <Project Path="src/Core/TarifasElectricas.Application/TarifasElectricas.Application.csproj" />
    <Project Path="src/Core/TarifasElectricas.Domain/TarifasElectricas.Domain.csproj" />
  </Folder>
  <Folder Name="/src/Infrastructure/">
    <Project Path="src/Infrastructure/TarifasElectricas.Persitence/TarifasElectricas.Persitence.csproj" />
  </Folder>
</Solution>
